schema: '2.0'
stages:
  create_dataset:
    cmd: python -m src.dataset
    deps:
    - path: params.yaml
      hash: md5
      md5: 8d5876aae706759d87cf8b0bb52a8f74
      size: 1030
    - path: src/dataset.py
      hash: md5
      md5: d26c1acd46aee2694f7c4c42f52e9551
      size: 2003
    outs:
    - path: data/processed/test.csv
      hash: md5
      md5: 3fa75f898b358953865646482786cc5c
      size: 45244744
    - path: data/processed/train.csv
      hash: md5
      md5: aab4ee64a5214e3a658d6b19d27e1682
      size: 105572974
  train_model:
    cmd: python -m src.modeling.train
    deps:
    - path: data/processed/train.csv
      hash: md5
      md5: aab4ee64a5214e3a658d6b19d27e1682
      size: 105572974
    - path: params.yaml
      hash: md5
      md5: 8d5876aae706759d87cf8b0bb52a8f74
      size: 1030
    - path: src/modeling/train.py
      hash: md5
      md5: 6fd2bde3e05ff1f3800c993dfaefe20d
      size: 3780
    outs:
    - path: models/best_model.joblib
      hash: md5
      md5: 26e39ed613d8624460e4f64c258d705a
      size: 157081
  predict:
    cmd: python -m src.modeling.predict
    deps:
    - path: data/processed/test.csv
      hash: md5
      md5: 3fa75f898b358953865646482786cc5c
      size: 45244744
    - path: models/best_model.joblib
      hash: md5
      md5: 26e39ed613d8624460e4f64c258d705a
      size: 157081
    - path: params.yaml
      hash: md5
      md5: 8d5876aae706759d87cf8b0bb52a8f74
      size: 1030
    - path: src/modeling/predict.py
      hash: md5
      md5: c7cf5718c334f60bc6cdcef1ef08b03a
      size: 3498
    outs:
    - path: data/processed/predictions.csv
      hash: md5
      md5: f9f30c0b48ecc14ad9673ff6d1d2dbf0
      size: 45415642
